
Microsoft Visual Studio Solution File, Format Version 12.00
# Visual Studio Version 17
VisualStudioVersion = 17.13.35931.197
MinimumVisualStudioVersion = 10.0.40219.1
Project("{FAE04EC0-301F-11D3-BF4B-00C04F79EFBC}") = "API", "API\API\API.csproj", "{29E56B9D-A30D-5F9A-ACA3-F90F35E91D53}"
EndProject
Project("{FAE04EC0-301F-11D3-BF4B-00C04F79EFBC}") = "API.Data", "API\API.Data\API.Data.csproj", "{F3471AB0-915B-06E5-76CF-F724937C0E6D}"
EndProject
Project("{FAE04EC0-301F-11D3-BF4B-00C04F79EFBC}") = "API.Application", "API\API.Application\API.Application.csproj", "{C4CEB7C2-ACE8-6EDA-E0EE-D7AF3D07A650}"
EndProject
Project("{FAE04EC0-301F-11D3-BF4B-00C04F79EFBC}") = "API.Domains", "API\API.Domains\API.Domains.csproj", "{61DCA95A-11B1-5CC7-2287-D492B6A10BDE}"
EndProject
Project("{FAE04EC0-301F-11D3-BF4B-00C04F79EFBC}") = "API.Infrastructure", "API\API.Infrastructure\API.Infrastructure.csproj", "{68E9FB90-2007-6607-5FA9-E42605DCACA0}"
EndProject
Global
	GlobalSection(SolutionConfigurationPlatforms) = preSolution
		Debug|Any CPU = Debug|Any CPU
		Release|Any CPU = Release|Any CPU
	EndGlobalSection
	GlobalSection(ProjectConfigurationPlatforms) = postSolution
		{29E56B9D-A30D-5F9A-ACA3-F90F35E91D53}.Debug|Any CPU.ActiveCfg = Debug|Any CPU
		{29E56B9D-A30D-5F9A-ACA3-F90F35E91D53}.Debug|Any CPU.Build.0 = Debug|Any CPU
		{29E56B9D-A30D-5F9A-ACA3-F90F35E91D53}.Release|Any CPU.ActiveCfg = Release|Any CPU
		{29E56B9D-A30D-5F9A-ACA3-F90F35E91D53}.Release|Any CPU.Build.0 = Release|Any CPU
		{F3471AB0-915B-06E5-76CF-F724937C0E6D}.Debug|Any CPU.ActiveCfg = Debug|Any CPU
		{F3471AB0-915B-06E5-76CF-F724937C0E6D}.Debug|Any CPU.Build.0 = Debug|Any CPU
		{F3471AB0-915B-06E5-76CF-F724937C0E6D}.Release|Any CPU.ActiveCfg = Release|Any CPU
		{F3471AB0-915B-06E5-76CF-F724937C0E6D}.Release|Any CPU.Build.0 = Release|Any CPU
		{C4CEB7C2-ACE8-6EDA-E0EE-D7AF3D07A650}.Debug|Any CPU.ActiveCfg = Debug|Any CPU
		{C4CEB7C2-ACE8-6EDA-E0EE-D7AF3D07A650}.Debug|Any CPU.Build.0 = Debug|Any CPU
		{C4CEB7C2-ACE8-6EDA-E0EE-D7AF3D07A650}.Release|Any CPU.ActiveCfg = Release|Any CPU
		{C4CEB7C2-ACE8-6EDA-E0EE-D7AF3D07A650}.Release|Any CPU.Build.0 = Release|Any CPU
		{61DCA95A-11B1-5CC7-2287-D492B6A10BDE}.Debug|Any CPU.ActiveCfg = Debug|Any CPU
		{61DCA95A-11B1-5CC7-2287-D492B6A10BDE}.Debug|Any CPU.Build.0 = Debug|Any CPU
		{61DCA95A-11B1-5CC7-2287-D492B6A10BDE}.Release|Any CPU.ActiveCfg = Release|Any CPU
		{61DCA95A-11B1-5CC7-2287-D492B6A10BDE}.Release|Any CPU.Build.0 = Release|Any CPU
		{68E9FB90-2007-6607-5FA9-E42605DCACA0}.Debug|Any CPU.ActiveCfg = Debug|Any CPU
		{68E9FB90-2007-6607-5FA9-E42605DCACA0}.Debug|Any CPU.Build.0 = Debug|Any CPU
		{68E9FB90-2007-6607-5FA9-E42605DCACA0}.Release|Any CPU.ActiveCfg = Release|Any CPU
		{68E9FB90-2007-6607-5FA9-E42605DCACA0}.Release|Any CPU.Build.0 = Release|Any CPU
	EndGlobalSection
	GlobalSection(SolutionProperties) = preSolution
		HideSolutionNode = FALSE
	EndGlobalSection
	GlobalSection(ExtensibilityGlobals) = postSolution
		SolutionGuid = {2CEE6F79-4D5E-41E7-892D-5501EA5F52A4}
	EndGlobalSection
EndGlobal
